// !$*UTF8*$!
{
	archiveVersion = 1;
	classes = {
	};
	objectVersion = 46;
	objects = {

/* Begin PBXBuildFile section */
		34005ED01A4FACDA00BDFD0F /* AppDelegate.swift in Sources */ = {isa = PBXBuildFile; fileRef = 34005ECF1A4FACDA00BDFD0F /* AppDelegate.swift */; };
		34005ED21A4FACDA00BDFD0F /* CardFlipController.swift in Sources */ = {isa = PBXBuildFile; fileRef = 34005ED11A4FACDA00BDFD0F /* CardFlipController.swift */; };
		34005ED51A4FACDB00BDFD0F /* Main.storyboard in Resources */ = {isa = PBXBuildFile; fileRef = 34005ED31A4FACDB00BDFD0F /* Main.storyboard */; };
		34005EDA1A4FACDB00BDFD0F /* LaunchScreen.xib in Resources */ = {isa = PBXBuildFile; fileRef = 34005ED81A4FACDB00BDFD0F /* LaunchScreen.xib */; };
		34005EE61A4FACDB00BDFD0F /* CardGamesTests.swift in Sources */ = {isa = PBXBuildFile; fileRef = 34005EE51A4FACDB00BDFD0F /* CardGamesTests.swift */; };
		34005EF01A4FC5BC00BDFD0F /* CardViewController.swift in Sources */ = {isa = PBXBuildFile; fileRef = 34005EEF1A4FC5BC00BDFD0F /* CardViewController.swift */; };
		34005EF31A4FC8F500BDFD0F /* Deck.swift in Sources */ = {isa = PBXBuildFile; fileRef = 34005EF21A4FC8F500BDFD0F /* Deck.swift */; };
		34005EF51A4FC91500BDFD0F /* Card.swift in Sources */ = {isa = PBXBuildFile; fileRef = 34005EF41A4FC91500BDFD0F /* Card.swift */; };
		34005EF71A4FC94A00BDFD0F /* TrumpCard.swift in Sources */ = {isa = PBXBuildFile; fileRef = 34005EF61A4FC94A00BDFD0F /* TrumpCard.swift */; };
		341A2E431A8C92AE0091664E /* Style.swift in Sources */ = {isa = PBXBuildFile; fileRef = 341A2E421A8C92AE0091664E /* Style.swift */; };
		342885771AA7FC640003AC75 /* MemoryGameDataSource.swift in Sources */ = {isa = PBXBuildFile; fileRef = 342885761AA7FC640003AC75 /* MemoryGameDataSource.swift */; };
		343587111A6A246C00DD7F1A /* TrumpCardCollectionDataSource.swift in Sources */ = {isa = PBXBuildFile; fileRef = 343587101A6A246C00DD7F1A /* TrumpCardCollectionDataSource.swift */; };
		34527F5A1A96FC7D0039C913 /* Images.xcassets in Resources */ = {isa = PBXBuildFile; fileRef = 34527F591A96FC7D0039C913 /* Images.xcassets */; };
		345695411A9FB4510076FD39 /* SetGameDelegate.swift in Sources */ = {isa = PBXBuildFile; fileRef = 345695401A9FB4510076FD39 /* SetGameDelegate.swift */; };
		345695431A9FBDC50076FD39 /* SetGame.swift in Sources */ = {isa = PBXBuildFile; fileRef = 345695421A9FBDC50076FD39 /* SetGame.swift */; };
		345695451A9FD7E10076FD39 /* CardGame.swift in Sources */ = {isa = PBXBuildFile; fileRef = 345695441A9FD7E10076FD39 /* CardGame.swift */; };
		3460E1121A7B4DF0000FD1EB /* MemoryGame.swift in Sources */ = {isa = PBXBuildFile; fileRef = 3460E1111A7B4DF0000FD1EB /* MemoryGame.swift */; };
		347511721AB38C2200AF5DE7 /* HistoryViewController.swift in Sources */ = {isa = PBXBuildFile; fileRef = 347511711AB38C2200AF5DE7 /* HistoryViewController.swift */; };
		347511741AB3BB8300AF5DE7 /* MainController.swift in Sources */ = {isa = PBXBuildFile; fileRef = 347511731AB3BB8300AF5DE7 /* MainController.swift */; };
		348472B01AAE808C00A07AE7 /* MemoryGameDelegate.swift in Sources */ = {isa = PBXBuildFile; fileRef = 348472AF1AAE808C00A07AE7 /* MemoryGameDelegate.swift */; };
		348FF63F1AA1629C0041C5C6 /* SetGameController.swift in Sources */ = {isa = PBXBuildFile; fileRef = 348FF63E1AA1629C0041C5C6 /* SetGameController.swift */; };
		348FF6411AA1658B0041C5C6 /* SetGameDataSource.swift in Sources */ = {isa = PBXBuildFile; fileRef = 348FF6401AA1658B0041C5C6 /* SetGameDataSource.swift */; };
		349A2C6F1A6DAD5900580219 /* MemoryGameController.swift in Sources */ = {isa = PBXBuildFile; fileRef = 349A2C6E1A6DAD5900580219 /* MemoryGameController.swift */; };
		34A9233E1AA19C15009D0134 /* SetCard.swift in Sources */ = {isa = PBXBuildFile; fileRef = 34A9233D1AA19C15009D0134 /* SetCard.swift */; };
/* End PBXBuildFile section */

/* Begin PBXContainerItemProxy section */
		34005EE01A4FACDB00BDFD0F /* PBXContainerItemProxy */ = {
			isa = PBXContainerItemProxy;
			containerPortal = 34005EC21A4FACDA00BDFD0F /* Project object */;
			proxyType = 1;
			remoteGlobalIDString = 34005EC91A4FACDA00BDFD0F;
			remoteInfo = CardGames;
		};
/* End PBXContainerItemProxy section */

/* Begin PBXFileReference section */
		34005ECA1A4FACDA00BDFD0F /* CardGames.app */ = {isa = PBXFileReference; explicitFileType = wrapper.application; includeInIndex = 0; path = CardGames.app; sourceTree = BUILT_PRODUCTS_DIR; };
		34005ECE1A4FACDA00BDFD0F /* Info.plist */ = {isa = PBXFileReference; lastKnownFileType = text.plist.xml; path = Info.plist; sourceTree = "<group>"; };
		34005ECF1A4FACDA00BDFD0F /* AppDelegate.swift */ = {isa = PBXFileReference; lastKnownFileType = sourcecode.swift; path = AppDelegate.swift; sourceTree = "<group>"; };
		34005ED11A4FACDA00BDFD0F /* CardFlipController.swift */ = {isa = PBXFileReference; lastKnownFileType = sourcecode.swift; path = CardFlipController.swift; sourceTree = "<group>"; };
		34005ED41A4FACDB00BDFD0F /* Base */ = {isa = PBXFileReference; lastKnownFileType = file.storyboard; name = Base; path = Base.lproj/Main.storyboard; sourceTree = "<group>"; };
		34005ED91A4FACDB00BDFD0F /* Base */ = {isa = PBXFileReference; lastKnownFileType = file.xib; name = Base; path = Base.lproj/LaunchScreen.xib; sourceTree = "<group>"; };
		34005EDF1A4FACDB00BDFD0F /* CardGamesTests.xctest */ = {isa = PBXFileReference; explicitFileType = wrapper.cfbundle; includeInIndex = 0; path = CardGamesTests.xctest; sourceTree = BUILT_PRODUCTS_DIR; };
		34005EE41A4FACDB00BDFD0F /* Info.plist */ = {isa = PBXFileReference; lastKnownFileType = text.plist.xml; path = Info.plist; sourceTree = "<group>"; };
		34005EE51A4FACDB00BDFD0F /* CardGamesTests.swift */ = {isa = PBXFileReference; lastKnownFileType = sourcecode.swift; path = CardGamesTests.swift; sourceTree = "<group>"; };
		34005EEF1A4FC5BC00BDFD0F /* CardViewController.swift */ = {isa = PBXFileReference; fileEncoding = 4; lastKnownFileType = sourcecode.swift; path = CardViewController.swift; sourceTree = "<group>"; };
		34005EF21A4FC8F500BDFD0F /* Deck.swift */ = {isa = PBXFileReference; fileEncoding = 4; lastKnownFileType = sourcecode.swift; path = Deck.swift; sourceTree = "<group>"; };
		34005EF41A4FC91500BDFD0F /* Card.swift */ = {isa = PBXFileReference; fileEncoding = 4; lastKnownFileType = sourcecode.swift; path = Card.swift; sourceTree = "<group>"; };
		34005EF61A4FC94A00BDFD0F /* TrumpCard.swift */ = {isa = PBXFileReference; fileEncoding = 4; lastKnownFileType = sourcecode.swift; path = TrumpCard.swift; sourceTree = "<group>"; };
		341A2E421A8C92AE0091664E /* Style.swift */ = {isa = PBXFileReference; fileEncoding = 4; lastKnownFileType = sourcecode.swift; path = Style.swift; sourceTree = "<group>"; };
		342885761AA7FC640003AC75 /* MemoryGameDataSource.swift */ = {isa = PBXFileReference; fileEncoding = 4; lastKnownFileType = sourcecode.swift; path = MemoryGameDataSource.swift; sourceTree = "<group>"; };
		343587101A6A246C00DD7F1A /* TrumpCardCollectionDataSource.swift */ = {isa = PBXFileReference; fileEncoding = 4; lastKnownFileType = sourcecode.swift; path = TrumpCardCollectionDataSource.swift; sourceTree = "<group>"; };
		34527F591A96FC7D0039C913 /* Images.xcassets */ = {isa = PBXFileReference; lastKnownFileType = folder.assetcatalog; path = Images.xcassets; sourceTree = "<group>"; };
		345695401A9FB4510076FD39 /* SetGameDelegate.swift */ = {isa = PBXFileReference; fileEncoding = 4; lastKnownFileType = sourcecode.swift; path = SetGameDelegate.swift; sourceTree = "<group>"; };
		345695421A9FBDC50076FD39 /* SetGame.swift */ = {isa = PBXFileReference; fileEncoding = 4; lastKnownFileType = sourcecode.swift; path = SetGame.swift; sourceTree = "<group>"; };
		345695441A9FD7E10076FD39 /* CardGame.swift */ = {isa = PBXFileReference; fileEncoding = 4; lastKnownFileType = sourcecode.swift; path = CardGame.swift; sourceTree = "<group>"; };
		3460E1111A7B4DF0000FD1EB /* MemoryGame.swift */ = {isa = PBXFileReference; fileEncoding = 4; lastKnownFileType = sourcecode.swift; path = MemoryGame.swift; sourceTree = "<group>"; };
		347511711AB38C2200AF5DE7 /* HistoryViewController.swift */ = {isa = PBXFileReference; fileEncoding = 4; lastKnownFileType = sourcecode.swift; path = HistoryViewController.swift; sourceTree = "<group>"; };
		347511731AB3BB8300AF5DE7 /* MainController.swift */ = {isa = PBXFileReference; fileEncoding = 4; lastKnownFileType = sourcecode.swift; path = MainController.swift; sourceTree = "<group>"; };
		348472AF1AAE808C00A07AE7 /* MemoryGameDelegate.swift */ = {isa = PBXFileReference; fileEncoding = 4; lastKnownFileType = sourcecode.swift; path = MemoryGameDelegate.swift; sourceTree = "<group>"; };
		348FF63E1AA1629C0041C5C6 /* SetGameController.swift */ = {isa = PBXFileReference; fileEncoding = 4; lastKnownFileType = sourcecode.swift; path = SetGameController.swift; sourceTree = "<group>"; };
		348FF6401AA1658B0041C5C6 /* SetGameDataSource.swift */ = {isa = PBXFileReference; fileEncoding = 4; lastKnownFileType = sourcecode.swift; path = SetGameDataSource.swift; sourceTree = "<group>"; };
		349A2C6E1A6DAD5900580219 /* MemoryGameController.swift */ = {isa = PBXFileReference; fileEncoding = 4; lastKnownFileType = sourcecode.swift; path = MemoryGameController.swift; sourceTree = "<group>"; };
		34A9233D1AA19C15009D0134 /* SetCard.swift */ = {isa = PBXFileReference; fileEncoding = 4; lastKnownFileType = sourcecode.swift; path = SetCard.swift; sourceTree = "<group>"; };
/* End PBXFileReference section */

/* Begin PBXFrameworksBuildPhase section */
		34005EC71A4FACDA00BDFD0F /* Frameworks */ = {
			isa = PBXFrameworksBuildPhase;
			buildActionMask = 2147483647;
			files = (
			);
			runOnlyForDeploymentPostprocessing = 0;
		};
		34005EDC1A4FACDB00BDFD0F /* Frameworks */ = {
			isa = PBXFrameworksBuildPhase;
			buildActionMask = 2147483647;
			files = (
			);
			runOnlyForDeploymentPostprocessing = 0;
		};
/* End PBXFrameworksBuildPhase section */

/* Begin PBXGroup section */
		34005EC11A4FACDA00BDFD0F = {
			isa = PBXGroup;
			children = (
				34005ECC1A4FACDA00BDFD0F /* CardGames */,
				34005EE21A4FACDB00BDFD0F /* CardGamesTests */,
				34005ECB1A4FACDA00BDFD0F /* Products */,
			);
			sourceTree = "<group>";
		};
		34005ECB1A4FACDA00BDFD0F /* Products */ = {
			isa = PBXGroup;
			children = (
				34005ECA1A4FACDA00BDFD0F /* CardGames.app */,
				34005EDF1A4FACDB00BDFD0F /* CardGamesTests.xctest */,
			);
			name = Products;
			sourceTree = "<group>";
		};
		34005ECC1A4FACDA00BDFD0F /* CardGames */ = {
			isa = PBXGroup;
			children = (
				34005ECF1A4FACDA00BDFD0F /* AppDelegate.swift */,
				34A6D3981A85AD96002CFD7B /* Controllers */,
				34005EF11A4FC8DD00BDFD0F /* Models */,
				34005ED31A4FACDB00BDFD0F /* Main.storyboard */,
				348472AF1AAE808C00A07AE7 /* MemoryGameDelegate.swift */,
				342885761AA7FC640003AC75 /* MemoryGameDataSource.swift */,
				345695401A9FB4510076FD39 /* SetGameDelegate.swift */,
				348FF6401AA1658B0041C5C6 /* SetGameDataSource.swift */,
				343587101A6A246C00DD7F1A /* TrumpCardCollectionDataSource.swift */,
				341A2E421A8C92AE0091664E /* Style.swift */,
				34527F591A96FC7D0039C913 /* Images.xcassets */,
				34005ED81A4FACDB00BDFD0F /* LaunchScreen.xib */,
				34005ECD1A4FACDA00BDFD0F /* Supporting Files */,
			);
			path = CardGames;
			sourceTree = "<group>";
		};
		34005ECD1A4FACDA00BDFD0F /* Supporting Files */ = {
			isa = PBXGroup;
			children = (
				34005ECE1A4FACDA00BDFD0F /* Info.plist */,
			);
			name = "Supporting Files";
			sourceTree = "<group>";
		};
		34005EE21A4FACDB00BDFD0F /* CardGamesTests */ = {
			isa = PBXGroup;
			children = (
				34005EE51A4FACDB00BDFD0F /* CardGamesTests.swift */,
				34005EE31A4FACDB00BDFD0F /* Supporting Files */,
			);
			path = CardGamesTests;
			sourceTree = "<group>";
		};
		34005EE31A4FACDB00BDFD0F /* Supporting Files */ = {
			isa = PBXGroup;
			children = (
				34005EE41A4FACDB00BDFD0F /* Info.plist */,
			);
			name = "Supporting Files";
			sourceTree = "<group>";
		};
		34005EF11A4FC8DD00BDFD0F /* Models */ = {
			isa = PBXGroup;
			children = (
				34005EF41A4FC91500BDFD0F /* Card.swift */,
				34A9233D1AA19C15009D0134 /* SetCard.swift */,
				34005EF61A4FC94A00BDFD0F /* TrumpCard.swift */,
				34005EF21A4FC8F500BDFD0F /* Deck.swift */,
				345695441A9FD7E10076FD39 /* CardGame.swift */,
				3460E1111A7B4DF0000FD1EB /* MemoryGame.swift */,
				345695421A9FBDC50076FD39 /* SetGame.swift */,
			);
			name = Models;
			sourceTree = "<group>";
		};
		34A6D3981A85AD96002CFD7B /* Controllers */ = {
			isa = PBXGroup;
			children = (
				347511731AB3BB8300AF5DE7 /* MainController.swift */,
				34005ED11A4FACDA00BDFD0F /* CardFlipController.swift */,
				34005EEF1A4FC5BC00BDFD0F /* CardViewController.swift */,
				349A2C6E1A6DAD5900580219 /* MemoryGameController.swift */,
				348FF63E1AA1629C0041C5C6 /* SetGameController.swift */,
				347511711AB38C2200AF5DE7 /* HistoryViewController.swift */,
			);
			name = Controllers;
			sourceTree = "<group>";
		};
/* End PBXGroup section */

/* Begin PBXNativeTarget section */
		34005EC91A4FACDA00BDFD0F /* CardGames */ = {
			isa = PBXNativeTarget;
			buildConfigurationList = 34005EE91A4FACDB00BDFD0F /* Build configuration list for PBXNativeTarget "CardGames" */;
			buildPhases = (
				34005EC61A4FACDA00BDFD0F /* Sources */,
				34005EC71A4FACDA00BDFD0F /* Frameworks */,
				34005EC81A4FACDA00BDFD0F /* Resources */,
			);
			buildRules = (
			);
			dependencies = (
			);
			name = CardGames;
			productName = CardGames;
			productReference = 34005ECA1A4FACDA00BDFD0F /* CardGames.app */;
			productType = "com.apple.product-type.application";
		};
		34005EDE1A4FACDB00BDFD0F /* CardGamesTests */ = {
			isa = PBXNativeTarget;
			buildConfigurationList = 34005EEC1A4FACDB00BDFD0F /* Build configuration list for PBXNativeTarget "CardGamesTests" */;
			buildPhases = (
				34005EDB1A4FACDB00BDFD0F /* Sources */,
				34005EDC1A4FACDB00BDFD0F /* Frameworks */,
				34005EDD1A4FACDB00BDFD0F /* Resources */,
			);
			buildRules = (
			);
			dependencies = (
				34005EE11A4FACDB00BDFD0F /* PBXTargetDependency */,
			);
			name = CardGamesTests;
			productName = CardGamesTests;
			productReference = 34005EDF1A4FACDB00BDFD0F /* CardGamesTests.xctest */;
			productType = "com.apple.product-type.bundle.unit-test";
		};
/* End PBXNativeTarget section */

/* Begin PBXProject section */
		34005EC21A4FACDA00BDFD0F /* Project object */ = {
			isa = PBXProject;
			attributes = {
				LastUpgradeCheck = 0610;
				ORGANIZATIONNAME = Kyrie;
				TargetAttributes = {
					34005EC91A4FACDA00BDFD0F = {
						CreatedOnToolsVersion = 6.1.1;
					};
					34005EDE1A4FACDB00BDFD0F = {
						CreatedOnToolsVersion = 6.1.1;
						TestTargetID = 34005EC91A4FACDA00BDFD0F;
					};
				};
			};
			buildConfigurationList = 34005EC51A4FACDA00BDFD0F /* Build configuration list for PBXProject "CardGames" */;
			compatibilityVersion = "Xcode 3.2";
			developmentRegion = English;
			hasScannedForEncodings = 0;
			knownRegions = (
				en,
				Base,
			);
			mainGroup = 34005EC11A4FACDA00BDFD0F;
			productRefGroup = 34005ECB1A4FACDA00BDFD0F /* Products */;
			projectDirPath = "";
			projectRoot = "";
			targets = (
				34005EC91A4FACDA00BDFD0F /* CardGames */,
				34005EDE1A4FACDB00BDFD0F /* CardGamesTests */,
			);
		};
/* End PBXProject section */

/* Begin PBXResourcesBuildPhase section */
		34005EC81A4FACDA00BDFD0F /* Resources */ = {
			isa = PBXResourcesBuildPhase;
			buildActionMask = 2147483647;
			files = (
				34527F5A1A96FC7D0039C913 /* Images.xcassets in Resources */,
				34005ED51A4FACDB00BDFD0F /* Main.storyboard in Resources */,
				34005EDA1A4FACDB00BDFD0F /* LaunchScreen.xib in Resources */,
			);
			runOnlyForDeploymentPostprocessing = 0;
		};
		34005EDD1A4FACDB00BDFD0F /* Resources */ = {
			isa = PBXResourcesBuildPhase;
			buildActionMask = 2147483647;
			files = (
			);
			runOnlyForDeploymentPostprocessing = 0;
		};
/* End PBXResourcesBuildPhase section */

/* Begin PBXSourcesBuildPhase section */
		34005EC61A4FACDA00BDFD0F /* Sources */ = {
			isa = PBXSourcesBuildPhase;
			buildActionMask = 2147483647;
			files = (
				349A2C6F1A6DAD5900580219 /* MemoryGameController.swift in Sources */,
				343587111A6A246C00DD7F1A /* TrumpCardCollectionDataSource.swift in Sources */,
				34005EF31A4FC8F500BDFD0F /* Deck.swift in Sources */,
				34005ED21A4FACDA00BDFD0F /* CardFlipController.swift in Sources */,
				347511741AB3BB8300AF5DE7 /* MainController.swift in Sources */,
				34005EF71A4FC94A00BDFD0F /* TrumpCard.swift in Sources */,
				34005EF51A4FC91500BDFD0F /* Card.swift in Sources */,
				34005ED01A4FACDA00BDFD0F /* AppDelegate.swift in Sources */,
				34005EF01A4FC5BC00BDFD0F /* CardViewController.swift in Sources */,
				3460E1121A7B4DF0000FD1EB /* MemoryGame.swift in Sources */,
				348FF6411AA1658B0041C5C6 /* SetGameDataSource.swift in Sources */,
				345695451A9FD7E10076FD39 /* CardGame.swift in Sources */,
				345695411A9FB4510076FD39 /* SetGameDelegate.swift in Sources */,
				345695431A9FBDC50076FD39 /* SetGame.swift in Sources */,
				342885771AA7FC640003AC75 /* MemoryGameDataSource.swift in Sources */,
				34A9233E1AA19C15009D0134 /* SetCard.swift in Sources */,
				348472B01AAE808C00A07AE7 /* MemoryGameDelegate.swift in Sources */,
				347511721AB38C2200AF5DE7 /* HistoryViewController.swift in Sources */,
				348FF63F1AA1629C0041C5C6 /* SetGameController.swift in Sources */,
				341A2E431A8C92AE0091664E /* Style.swift in Sources */,
			);
			runOnlyForDeploymentPostprocessing = 0;
		};
		34005EDB1A4FACDB00BDFD0F /* Sources */ = {
			isa = PBXSourcesBuildPhase;
			buildActionMask = 2147483647;
			files = (
				34005EE61A4FACDB00BDFD0F /* CardGamesTests.swift in Sources */,
			);
			runOnlyForDeploymentPostprocessing = 0;
		};
/* End PBXSourcesBuildPhase section */

/* Begin PBXTargetDependency section */
		34005EE11A4FACDB00BDFD0F /* PBXTargetDependency */ = {
			isa = PBXTargetDependency;
			target = 34005EC91A4FACDA00BDFD0F /* CardGames */;
			targetProxy = 34005EE01A4FACDB00BDFD0F /* PBXContainerItemProxy */;
		};
/* End PBXTargetDependency section */

/* Begin PBXVariantGroup section */
		34005ED31A4FACDB00BDFD0F /* Main.storyboard */ = {
			isa = PBXVariantGroup;
			children = (
				34005ED41A4FACDB00BDFD0F /* Base */,
			);
			name = Main.storyboard;
			sourceTree = "<group>";
		};
		34005ED81A4FACDB00BDFD0F /* LaunchScreen.xib */ = {
			isa = PBXVariantGroup;
			children = (
				34005ED91A4FACDB00BDFD0F /* Base */,
			);
			name = LaunchScreen.xib;
			sourceTree = "<group>";
		};
/* End PBXVariantGroup section */

/* Begin XCBuildConfiguration section */
		34005EE71A4FACDB00BDFD0F /* Debug */ = {
			isa = XCBuildConfiguration;
			buildSettings = {
				ALWAYS_SEARCH_USER_PATHS = NO;
				CLANG_CXX_LANGUAGE_STANDARD = "gnu++0x";
				CLANG_CXX_LIBRARY = "libc++";
				CLANG_ENABLE_MODULES = YES;
				CLANG_ENABLE_OBJC_ARC = YES;
				CLANG_WARN_BOOL_CONVERSION = YES;
				CLANG_WARN_CONSTANT_CONVERSION = YES;
				CLANG_WARN_DIRECT_OBJC_ISA_USAGE = YES_ERROR;
				CLANG_WARN_EMPTY_BODY = YES;
				CLANG_WARN_ENUM_CONVERSION = YES;
				CLANG_WARN_INT_CONVERSION = YES;
				CLANG_WARN_OBJC_ROOT_CLASS = YES_ERROR;
				CLANG_WARN_UNREACHABLE_CODE = YES;
				CLANG_WARN__DUPLICATE_METHOD_MATCH = YES;
				"CODE_SIGN_IDENTITY[sdk=iphoneos*]" = "iPhone Developer";
				COPY_PHASE_STRIP = NO;
				ENABLE_STRICT_OBJC_MSGSEND = YES;
				GCC_C_LANGUAGE_STANDARD = gnu99;
				GCC_DYNAMIC_NO_PIC = NO;
				GCC_OPTIMIZATION_LEVEL = 0;
				GCC_PREPROCESSOR_DEFINITIONS = (
					"DEBUG=1",
					"$(inherited)",
				);
				GCC_SYMBOLS_PRIVATE_EXTERN = NO;
				GCC_WARN_64_TO_32_BIT_CONVERSION = YES;
				GCC_WARN_ABOUT_RETURN_TYPE = YES_ERROR;
				GCC_WARN_UNDECLARED_SELECTOR = YES;
				GCC_WARN_UNINITIALIZED_AUTOS = YES_AGGRESSIVE;
				GCC_WARN_UNUSED_FUNCTION = YES;
				GCC_WARN_UNUSED_VARIABLE = YES;
				IPHONEOS_DEPLOYMENT_TARGET = 8.1;
				MTL_ENABLE_DEBUG_INFO = YES;
				ONLY_ACTIVE_ARCH = YES;
				SDKROOT = iphoneos;
				SWIFT_OPTIMIZATION_LEVEL = "-Onone";
				TARGETED_DEVICE_FAMILY = "1,2";
			};
			name = Debug;
		};
		34005EE81A4FACDB00BDFD0F /* Release */ = {
			isa = XCBuildConfiguration;
			buildSettings = {
				ALWAYS_SEARCH_USER_PATHS = NO;
				CLANG_CXX_LANGUAGE_STANDARD = "gnu++0x";
				CLANG_CXX_LIBRARY = "libc++";
				CLANG_ENABLE_MODULES = YES;
				CLANG_ENABLE_OBJC_ARC = YES;
				CLANG_WARN_BOOL_CONVERSION = YES;
				CLANG_WARN_CONSTANT_CONVERSION = YES;
				CLANG_WARN_DIRECT_OBJC_ISA_USAGE = YES_ERROR;
				CLANG_WARN_EMPTY_BODY = YES;
				CLANG_WARN_ENUM_CONVERSION = YES;
				CLANG_WARN_INT_CONVERSION = YES;
				CLANG_WARN_OBJC_ROOT_CLASS = YES_ERROR;
				CLANG_WARN_UNREACHABLE_CODE = YES;
				CLANG_WARN__DUPLICATE_METHOD_MATCH = YES;
				"CODE_SIGN_IDENTITY[sdk=iphoneos*]" = "iPhone Developer";
				COPY_PHASE_STRIP = YES;
				ENABLE_NS_ASSERTIONS = NO;
				ENABLE_STRICT_OBJC_MSGSEND = YES;
				GCC_C_LANGUAGE_STANDARD = gnu99;
				GCC_WARN_64_TO_32_BIT_CONVERSION = YES;
				GCC_WARN_ABOUT_RETURN_TYPE = YES_ERROR;
				GCC_WARN_UNDECLARED_SELECTOR = YES;
				GCC_WARN_UNINITIALIZED_AUTOS = YES_AGGRESSIVE;
				GCC_WARN_UNUSED_FUNCTION = YES;
				GCC_WARN_UNUSED_VARIABLE = YES;
				IPHONEOS_DEPLOYMENT_TARGET = 8.1;
				MTL_ENABLE_DEBUG_INFO = NO;
				SDKROOT = iphoneos;
				TARGETED_DEVICE_FAMILY = "1,2";
				VALIDATE_PRODUCT = YES;
			};
			name = Release;
		};
		34005EEA1A4FACDB00BDFD0F /* Debug */ = {
			isa = XCBuildConfiguration;
			buildSettings = {
				ASSETCATALOG_COMPILER_APPICON_NAME = AppIcon;
				INFOPLIST_FILE = CardGames/Info.plist;
				LD_RUNPATH_SEARCH_PATHS = "$(inherited) @executable_path/Frameworks";
				PRODUCT_NAME = "$(TARGET_NAME)";
			};
			name = Debug;
		};
		34005EEB1A4FACDB00BDFD0F /* Release */ = {
			isa = XCBuildConfiguration;
			buildSettings = {
				ASSETCATALOG_COMPILER_APPICON_NAME = AppIcon;
				INFOPLIST_FILE = CardGames/Info.plist;
				LD_RUNPATH_SEARCH_PATHS = "$(inherited) @executable_path/Frameworks";
				PRODUCT_NAME = "$(TARGET_NAME)";
			};
			name = Release;
		};
		34005EED1A4FACDB00BDFD0F /* Debug */ = {
			isa = XCBuildConfiguration;
			buildSettings = {
				BUNDLE_LOADER = "$(TEST_HOST)";
				FRAMEWORK_SEARCH_PATHS = (
					"$(SDKROOT)/Developer/Library/Frameworks",
					"$(inherited)",
				);
				GCC_PREPROCESSOR_DEFINITIONS = (
					"DEBUG=1",
					"$(inherited)",
				);
				INFOPLIST_FILE = CardGamesTests/Info.plist;
				LD_RUNPATH_SEARCH_PATHS = "$(inherited) @executable_path/Frameworks @loader_path/Frameworks";
				PRODUCT_NAME = "$(TARGET_NAME)";
				TEST_HOST = "$(BUILT_PRODUCTS_DIR)/CardGames.app/CardGames";
			};
			name = Debug;
		};
		34005EEE1A4FACDB00BDFD0F /* Release */ = {
			isa = XCBuildConfiguration;
			buildSettings = {
				BUNDLE_LOADER = "$(TEST_HOST)";
				FRAMEWORK_SEARCH_PATHS = (
					"$(SDKROOT)/Developer/Library/Frameworks",
					"$(inherited)",
				);
				INFOPLIST_FILE = CardGamesTests/Info.plist;
				LD_RUNPATH_SEARCH_PATHS = "$(inherited) @executable_path/Frameworks @loader_path/Frameworks";
				PRODUCT_NAME = "$(TARGET_NAME)";
				TEST_HOST = "$(BUILT_PRODUCTS_DIR)/CardGames.app/CardGames";
			};
			name = Release;
		};
/* End XCBuildConfiguration section */

/* Begin XCConfigurationList section */
		34005EC51A4FACDA00BDFD0F /* Build configuration list for PBXProject "CardGames" */ = {
			isa = XCConfigurationList;
			buildConfigurations = (
				34005EE71A4FACDB00BDFD0F /* Debug */,
				34005EE81A4FACDB00BDFD0F /* Release */,
			);
			defaultConfigurationIsVisible = 0;
			defaultConfigurationName = Release;
		};
		34005EE91A4FACDB00BDFD0F /* Build configuration list for PBXNativeTarget "CardGames" */ = {
			isa = XCConfigurationList;
			buildConfigurations = (
				34005EEA1A4FACDB00BDFD0F /* Debug */,
				34005EEB1A4FACDB00BDFD0F /* Release */,
			);
			defaultConfigurationIsVisible = 0;
			defaultConfigurationName = Release;
		};
		34005EEC1A4FACDB00BDFD0F /* Build configuration list for PBXNativeTarget "CardGamesTests" */ = {
			isa = XCConfigurationList;
			buildConfigurations = (
				34005EED1A4FACDB00BDFD0F /* Debug */,
				34005EEE1A4FACDB00BDFD0F /* Release */,
			);
			defaultConfigurationIsVisible = 0;
			defaultConfigurationName = Release;
		};
/* End XCConfigurationList section */
	};
	rootObject = 34005EC21A4FACDA00BDFD0F /* Project object */;
}
