// !$*UTF8*$!
{
	archiveVersion = 1;
	classes = {
	};
	objectVersion = 46;
	objects = {

/* Begin PBXBuildFile section */
		34005ED01A4FACDA00BDFD0F /* AppDelegate.swift in Sources */ = {isa = PBXBuildFile; fileRef = 34005ECF1A4FACDA00BDFD0F /* AppDelegate.swift */; };
		34005ED51A4FACDB00BDFD0F /* Main.storyboard in Resources */ = {isa = PBXBuildFile; fileRef = 34005ED31A4FACDB00BDFD0F /* Main.storyboard */; };
		34005EDA1A4FACDB00BDFD0F /* LaunchScreen.xib in Resources */ = {isa = PBXBuildFile; fileRef = 34005ED81A4FACDB00BDFD0F /* LaunchScreen.xib */; };
		34005EE61A4FACDB00BDFD0F /* CardGamesTests.swift in Sources */ = {isa = PBXBuildFile; fileRef = 34005EE51A4FACDB00BDFD0F /* CardGamesTests.swift */; };
		34005EF31A4FC8F500BDFD0F /* Deck.swift in Sources */ = {isa = PBXBuildFile; fileRef = 34005EF21A4FC8F500BDFD0F /* Deck.swift */; };
		34005EF51A4FC91500BDFD0F /* Card.swift in Sources */ = {isa = PBXBuildFile; fileRef = 34005EF41A4FC91500BDFD0F /* Card.swift */; };
		340720531BC4E47F00A2E466 /* SGCollectionViewLayout.swift in Sources */ = {isa = PBXBuildFile; fileRef = 340720521BC4E47F00A2E466 /* SGCollectionViewLayout.swift */; settings = {ASSET_TAGS = (); }; };
		340E514F1BE32A940010FE2E /* InstructionsViewController.swift in Sources */ = {isa = PBXBuildFile; fileRef = 340E514E1BE32A940010FE2E /* InstructionsViewController.swift */; settings = {ASSET_TAGS = (); }; };
		341723741AFBFAED002D8343 /* Squiggle.swift in Sources */ = {isa = PBXBuildFile; fileRef = 341723731AFBFAED002D8343 /* Squiggle.swift */; };
		341A2E431A8C92AE0091664E /* UIViewStyles.swift in Sources */ = {isa = PBXBuildFile; fileRef = 341A2E421A8C92AE0091664E /* UIViewStyles.swift */; };
		34527F5A1A96FC7D0039C913 /* Images.xcassets in Resources */ = {isa = PBXBuildFile; fileRef = 34527F591A96FC7D0039C913 /* Images.xcassets */; };
		345695411A9FB4510076FD39 /* SetGameDelegate.swift in Sources */ = {isa = PBXBuildFile; fileRef = 345695401A9FB4510076FD39 /* SetGameDelegate.swift */; };
		345695431A9FBDC50076FD39 /* SetGame.swift in Sources */ = {isa = PBXBuildFile; fileRef = 345695421A9FBDC50076FD39 /* SetGame.swift */; };
		345695451A9FD7E10076FD39 /* Player.swift in Sources */ = {isa = PBXBuildFile; fileRef = 345695441A9FD7E10076FD39 /* Player.swift */; };
		345A74D71B952715003C27AE /* HomeViewController.swift in Sources */ = {isa = PBXBuildFile; fileRef = 345A74D61B952715003C27AE /* HomeViewController.swift */; };
		345AE9C91BC9CBC2006E3A38 /* StyleGuideProtocols.swift in Sources */ = {isa = PBXBuildFile; fileRef = 345AE9C81BC9CBC2006E3A38 /* StyleGuideProtocols.swift */; settings = {ASSET_TAGS = (); }; };
		3471C0471BE411CF0002A6A3 /* SetExampleView.swift in Sources */ = {isa = PBXBuildFile; fileRef = 3471C0461BE411CF0002A6A3 /* SetExampleView.swift */; settings = {ASSET_TAGS = (); }; };
		348FF63F1AA1629C0041C5C6 /* SetGameController.swift in Sources */ = {isa = PBXBuildFile; fileRef = 348FF63E1AA1629C0041C5C6 /* SetGameController.swift */; };
		348FF6411AA1658B0041C5C6 /* SetGameDataSource.swift in Sources */ = {isa = PBXBuildFile; fileRef = 348FF6401AA1658B0041C5C6 /* SetGameDataSource.swift */; };
		3498E71E1BC5BE6000842F5A /* ThemeSettingsController.swift in Sources */ = {isa = PBXBuildFile; fileRef = 3498E71D1BC5BE6000842F5A /* ThemeSettingsController.swift */; settings = {ASSET_TAGS = (); }; };
		3499D7F11BD4BFD5001AE54D /* ThemeTableDataSource.swift in Sources */ = {isa = PBXBuildFile; fileRef = 3499D7F01BD4BFD5001AE54D /* ThemeTableDataSource.swift */; settings = {ASSET_TAGS = (); }; };
		3499DAFB1B9F930200AD3466 /* SGHeaderView.swift in Sources */ = {isa = PBXBuildFile; fileRef = 3499DAFA1B9F930200AD3466 /* SGHeaderView.swift */; };
		34A9233E1AA19C15009D0134 /* SetCard.swift in Sources */ = {isa = PBXBuildFile; fileRef = 34A9233D1AA19C15009D0134 /* SetCard.swift */; };
		34AF52DD1AE57C2600971176 /* Geometry.swift in Sources */ = {isa = PBXBuildFile; fileRef = 34AF52DC1AE57C2600971176 /* Geometry.swift */; };
		34BB7CCE1BC8D602000C8461 /* GameSettingsController.swift in Sources */ = {isa = PBXBuildFile; fileRef = 34BB7CCD1BC8D602000C8461 /* GameSettingsController.swift */; settings = {ASSET_TAGS = (); }; };
		34BCFC3F1AC50DD8005A4840 /* SGStatusView.swift in Sources */ = {isa = PBXBuildFile; fileRef = 34BCFC3E1AC50DD8005A4840 /* SGStatusView.swift */; };
		34CC1E561ABCC83D005B2CD1 /* SetCardView.swift in Sources */ = {isa = PBXBuildFile; fileRef = 34CC1E551ABCC83D005B2CD1 /* SetCardView.swift */; };
		34D908351BCE174200ABDE7E /* PlayerSettingController.swift in Sources */ = {isa = PBXBuildFile; fileRef = 34D908341BCE174200ABDE7E /* PlayerSettingController.swift */; settings = {ASSET_TAGS = (); }; };
		34DCC26F1BCC9E270034A274 /* AppGlobals.swift in Sources */ = {isa = PBXBuildFile; fileRef = 34DCC26E1BCC9E270034A274 /* AppGlobals.swift */; settings = {ASSET_TAGS = (); }; };
		34DCC2711BCC9E8A0034A274 /* SGStyleGuide.swift in Sources */ = {isa = PBXBuildFile; fileRef = 34DCC2701BCC9E8A0034A274 /* SGStyleGuide.swift */; settings = {ASSET_TAGS = (); }; };
		34DCC2731BCCB7B20034A274 /* Theme.swift in Sources */ = {isa = PBXBuildFile; fileRef = 34DCC2721BCCB7B20034A274 /* Theme.swift */; settings = {ASSET_TAGS = (); }; };
		34EE0AA11BAFAD2D0002043D /* SGFooterView.swift in Sources */ = {isa = PBXBuildFile; fileRef = 34EE0AA01BAFAD2D0002043D /* SGFooterView.swift */; };
/* End PBXBuildFile section */

/* Begin PBXContainerItemProxy section */
		34005EE01A4FACDB00BDFD0F /* PBXContainerItemProxy */ = {
			isa = PBXContainerItemProxy;
			containerPortal = 34005EC21A4FACDA00BDFD0F /* Project object */;
			proxyType = 1;
			remoteGlobalIDString = 34005EC91A4FACDA00BDFD0F;
			remoteInfo = CardGames;
		};
/* End PBXContainerItemProxy section */

/* Begin PBXFileReference section */
		34005ECA1A4FACDA00BDFD0F /* CardGames.app */ = {isa = PBXFileReference; explicitFileType = wrapper.application; includeInIndex = 0; path = CardGames.app; sourceTree = BUILT_PRODUCTS_DIR; };
		34005ECE1A4FACDA00BDFD0F /* Info.plist */ = {isa = PBXFileReference; lastKnownFileType = text.plist.xml; path = Info.plist; sourceTree = "<group>"; };
		34005ECF1A4FACDA00BDFD0F /* AppDelegate.swift */ = {isa = PBXFileReference; lastKnownFileType = sourcecode.swift; path = AppDelegate.swift; sourceTree = "<group>"; };
		34005ED41A4FACDB00BDFD0F /* Base */ = {isa = PBXFileReference; lastKnownFileType = file.storyboard; name = Base; path = Base.lproj/Main.storyboard; sourceTree = "<group>"; };
		34005ED91A4FACDB00BDFD0F /* Base */ = {isa = PBXFileReference; lastKnownFileType = file.xib; name = Base; path = Base.lproj/LaunchScreen.xib; sourceTree = "<group>"; };
		34005EDF1A4FACDB00BDFD0F /* CardGamesTests.xctest */ = {isa = PBXFileReference; explicitFileType = wrapper.cfbundle; includeInIndex = 0; path = CardGamesTests.xctest; sourceTree = BUILT_PRODUCTS_DIR; };
		34005EE41A4FACDB00BDFD0F /* Info.plist */ = {isa = PBXFileReference; lastKnownFileType = text.plist.xml; path = Info.plist; sourceTree = "<group>"; };
		34005EE51A4FACDB00BDFD0F /* CardGamesTests.swift */ = {isa = PBXFileReference; lastKnownFileType = sourcecode.swift; path = CardGamesTests.swift; sourceTree = "<group>"; };
		34005EF21A4FC8F500BDFD0F /* Deck.swift */ = {isa = PBXFileReference; fileEncoding = 4; lastKnownFileType = sourcecode.swift; path = Deck.swift; sourceTree = "<group>"; };
		34005EF41A4FC91500BDFD0F /* Card.swift */ = {isa = PBXFileReference; fileEncoding = 4; lastKnownFileType = sourcecode.swift; path = Card.swift; sourceTree = "<group>"; };
		340720521BC4E47F00A2E466 /* SGCollectionViewLayout.swift */ = {isa = PBXFileReference; fileEncoding = 4; lastKnownFileType = sourcecode.swift; path = SGCollectionViewLayout.swift; sourceTree = "<group>"; };
		340E514E1BE32A940010FE2E /* InstructionsViewController.swift */ = {isa = PBXFileReference; fileEncoding = 4; lastKnownFileType = sourcecode.swift; path = InstructionsViewController.swift; sourceTree = "<group>"; };
		341723731AFBFAED002D8343 /* Squiggle.swift */ = {isa = PBXFileReference; fileEncoding = 4; lastKnownFileType = sourcecode.swift; path = Squiggle.swift; sourceTree = "<group>"; };
		341A2E421A8C92AE0091664E /* UIViewStyles.swift */ = {isa = PBXFileReference; fileEncoding = 4; lastKnownFileType = sourcecode.swift; path = UIViewStyles.swift; sourceTree = "<group>"; };
		34527F591A96FC7D0039C913 /* Images.xcassets */ = {isa = PBXFileReference; lastKnownFileType = folder.assetcatalog; path = Images.xcassets; sourceTree = "<group>"; };
		345695401A9FB4510076FD39 /* SetGameDelegate.swift */ = {isa = PBXFileReference; fileEncoding = 4; lastKnownFileType = sourcecode.swift; path = SetGameDelegate.swift; sourceTree = "<group>"; };
		345695421A9FBDC50076FD39 /* SetGame.swift */ = {isa = PBXFileReference; fileEncoding = 4; lastKnownFileType = sourcecode.swift; path = SetGame.swift; sourceTree = "<group>"; };
		345695441A9FD7E10076FD39 /* Player.swift */ = {isa = PBXFileReference; fileEncoding = 4; lastKnownFileType = sourcecode.swift; path = Player.swift; sourceTree = "<group>"; };
		345A74D61B952715003C27AE /* HomeViewController.swift */ = {isa = PBXFileReference; fileEncoding = 4; lastKnownFileType = sourcecode.swift; path = HomeViewController.swift; sourceTree = "<group>"; };
		345AE9C81BC9CBC2006E3A38 /* StyleGuideProtocols.swift */ = {isa = PBXFileReference; fileEncoding = 4; lastKnownFileType = sourcecode.swift; path = StyleGuideProtocols.swift; sourceTree = "<group>"; };
		3471C0461BE411CF0002A6A3 /* SetExampleView.swift */ = {isa = PBXFileReference; fileEncoding = 4; lastKnownFileType = sourcecode.swift; path = SetExampleView.swift; sourceTree = "<group>"; };
		348FF63E1AA1629C0041C5C6 /* SetGameController.swift */ = {isa = PBXFileReference; fileEncoding = 4; lastKnownFileType = sourcecode.swift; path = SetGameController.swift; sourceTree = "<group>"; };
		348FF6401AA1658B0041C5C6 /* SetGameDataSource.swift */ = {isa = PBXFileReference; fileEncoding = 4; lastKnownFileType = sourcecode.swift; path = SetGameDataSource.swift; sourceTree = "<group>"; };
		3498E71D1BC5BE6000842F5A /* ThemeSettingsController.swift */ = {isa = PBXFileReference; fileEncoding = 4; lastKnownFileType = sourcecode.swift; path = ThemeSettingsController.swift; sourceTree = "<group>"; };
		3499D7F01BD4BFD5001AE54D /* ThemeTableDataSource.swift */ = {isa = PBXFileReference; fileEncoding = 4; lastKnownFileType = sourcecode.swift; path = ThemeTableDataSource.swift; sourceTree = "<group>"; };
		3499DAFA1B9F930200AD3466 /* SGHeaderView.swift */ = {isa = PBXFileReference; fileEncoding = 4; lastKnownFileType = sourcecode.swift; path = SGHeaderView.swift; sourceTree = "<group>"; };
		34A9233D1AA19C15009D0134 /* SetCard.swift */ = {isa = PBXFileReference; fileEncoding = 4; lastKnownFileType = sourcecode.swift; path = SetCard.swift; sourceTree = "<group>"; };
		34AF52DC1AE57C2600971176 /* Geometry.swift */ = {isa = PBXFileReference; fileEncoding = 4; lastKnownFileType = sourcecode.swift; path = Geometry.swift; sourceTree = "<group>"; };
		34BB7CCD1BC8D602000C8461 /* GameSettingsController.swift */ = {isa = PBXFileReference; fileEncoding = 4; lastKnownFileType = sourcecode.swift; path = GameSettingsController.swift; sourceTree = "<group>"; };
		34BCFC3E1AC50DD8005A4840 /* SGStatusView.swift */ = {isa = PBXFileReference; fileEncoding = 4; lastKnownFileType = sourcecode.swift; path = SGStatusView.swift; sourceTree = "<group>"; };
		34CC1E551ABCC83D005B2CD1 /* SetCardView.swift */ = {isa = PBXFileReference; fileEncoding = 4; lastKnownFileType = sourcecode.swift; path = SetCardView.swift; sourceTree = "<group>"; };
		34D908341BCE174200ABDE7E /* PlayerSettingController.swift */ = {isa = PBXFileReference; fileEncoding = 4; lastKnownFileType = sourcecode.swift; path = PlayerSettingController.swift; sourceTree = "<group>"; };
		34DCC26E1BCC9E270034A274 /* AppGlobals.swift */ = {isa = PBXFileReference; fileEncoding = 4; lastKnownFileType = sourcecode.swift; path = AppGlobals.swift; sourceTree = "<group>"; };
		34DCC2701BCC9E8A0034A274 /* SGStyleGuide.swift */ = {isa = PBXFileReference; fileEncoding = 4; lastKnownFileType = sourcecode.swift; path = SGStyleGuide.swift; sourceTree = "<group>"; };
		34DCC2721BCCB7B20034A274 /* Theme.swift */ = {isa = PBXFileReference; fileEncoding = 4; lastKnownFileType = sourcecode.swift; path = Theme.swift; sourceTree = "<group>"; };
		34EE0AA01BAFAD2D0002043D /* SGFooterView.swift */ = {isa = PBXFileReference; fileEncoding = 4; lastKnownFileType = sourcecode.swift; path = SGFooterView.swift; sourceTree = "<group>"; };
/* End PBXFileReference section */

/* Begin PBXFrameworksBuildPhase section */
		34005EC71A4FACDA00BDFD0F /* Frameworks */ = {
			isa = PBXFrameworksBuildPhase;
			buildActionMask = 2147483647;
			files = (
			);
			runOnlyForDeploymentPostprocessing = 0;
		};
		34005EDC1A4FACDB00BDFD0F /* Frameworks */ = {
			isa = PBXFrameworksBuildPhase;
			buildActionMask = 2147483647;
			files = (
			);
			runOnlyForDeploymentPostprocessing = 0;
		};
/* End PBXFrameworksBuildPhase section */

/* Begin PBXGroup section */
		34005EC11A4FACDA00BDFD0F = {
			isa = PBXGroup;
			children = (
				34005ECC1A4FACDA00BDFD0F /* CardGames */,
				34005EE21A4FACDB00BDFD0F /* CardGamesTests */,
				34005ECB1A4FACDA00BDFD0F /* Products */,
			);
			sourceTree = "<group>";
		};
		34005ECB1A4FACDA00BDFD0F /* Products */ = {
			isa = PBXGroup;
			children = (
				34005ECA1A4FACDA00BDFD0F /* CardGames.app */,
				34005EDF1A4FACDB00BDFD0F /* CardGamesTests.xctest */,
			);
			name = Products;
			sourceTree = "<group>";
		};
		34005ECC1A4FACDA00BDFD0F /* CardGames */ = {
			isa = PBXGroup;
			children = (
				34005ECF1A4FACDA00BDFD0F /* AppDelegate.swift */,
				34DCC26E1BCC9E270034A274 /* AppGlobals.swift */,
				34A6D3981A85AD96002CFD7B /* Controllers */,
				34005EF11A4FC8DD00BDFD0F /* Models */,
				34005ED31A4FACDB00BDFD0F /* Main.storyboard */,
				34DCC2741BCCB7FC0034A274 /* Assets */,
				34CC1E571ABCC844005B2CD1 /* Views */,
				345695401A9FB4510076FD39 /* SetGameDelegate.swift */,
				348FF6401AA1658B0041C5C6 /* SetGameDataSource.swift */,
				3499D7F01BD4BFD5001AE54D /* ThemeTableDataSource.swift */,
				341723751AFBFB5A002D8343 /* Geometry */,
				34527F591A96FC7D0039C913 /* Images.xcassets */,
				34005ED81A4FACDB00BDFD0F /* LaunchScreen.xib */,
				34005ECD1A4FACDA00BDFD0F /* Supporting Files */,
			);
			path = CardGames;
			sourceTree = "<group>";
		};
		34005ECD1A4FACDA00BDFD0F /* Supporting Files */ = {
			isa = PBXGroup;
			children = (
				34005ECE1A4FACDA00BDFD0F /* Info.plist */,
			);
			name = "Supporting Files";
			sourceTree = "<group>";
		};
		34005EE21A4FACDB00BDFD0F /* CardGamesTests */ = {
			isa = PBXGroup;
			children = (
				34005EE51A4FACDB00BDFD0F /* CardGamesTests.swift */,
				34005EE31A4FACDB00BDFD0F /* Supporting Files */,
			);
			path = CardGamesTests;
			sourceTree = "<group>";
		};
		34005EE31A4FACDB00BDFD0F /* Supporting Files */ = {
			isa = PBXGroup;
			children = (
				34005EE41A4FACDB00BDFD0F /* Info.plist */,
			);
			name = "Supporting Files";
			sourceTree = "<group>";
		};
		34005EF11A4FC8DD00BDFD0F /* Models */ = {
			isa = PBXGroup;
			children = (
				34005EF41A4FC91500BDFD0F /* Card.swift */,
				34A9233D1AA19C15009D0134 /* SetCard.swift */,
				34005EF21A4FC8F500BDFD0F /* Deck.swift */,
				345695441A9FD7E10076FD39 /* Player.swift */,
				345695421A9FBDC50076FD39 /* SetGame.swift */,
			);
			name = Models;
			sourceTree = "<group>";
		};
		341723751AFBFB5A002D8343 /* Geometry */ = {
			isa = PBXGroup;
			children = (
				34AF52DC1AE57C2600971176 /* Geometry.swift */,
				341723731AFBFAED002D8343 /* Squiggle.swift */,
			);
			name = Geometry;
			sourceTree = "<group>";
		};
		34A6D3981A85AD96002CFD7B /* Controllers */ = {
			isa = PBXGroup;
			children = (
				345A74D61B952715003C27AE /* HomeViewController.swift */,
				340E514E1BE32A940010FE2E /* InstructionsViewController.swift */,
				348FF63E1AA1629C0041C5C6 /* SetGameController.swift */,
				34BB7CCD1BC8D602000C8461 /* GameSettingsController.swift */,
				3498E71D1BC5BE6000842F5A /* ThemeSettingsController.swift */,
				34D908341BCE174200ABDE7E /* PlayerSettingController.swift */,
			);
			name = Controllers;
			sourceTree = "<group>";
		};
		34CC1E571ABCC844005B2CD1 /* Views */ = {
			isa = PBXGroup;
			children = (
				34CC1E551ABCC83D005B2CD1 /* SetCardView.swift */,
				34BCFC3E1AC50DD8005A4840 /* SGStatusView.swift */,
				3471C0461BE411CF0002A6A3 /* SetExampleView.swift */,
				3499DAFA1B9F930200AD3466 /* SGHeaderView.swift */,
				34EE0AA01BAFAD2D0002043D /* SGFooterView.swift */,
				340720521BC4E47F00A2E466 /* SGCollectionViewLayout.swift */,
			);
			name = Views;
			sourceTree = "<group>";
		};
		34DCC2741BCCB7FC0034A274 /* Assets */ = {
			isa = PBXGroup;
			children = (
				34DCC2721BCCB7B20034A274 /* Theme.swift */,
				341A2E421A8C92AE0091664E /* UIViewStyles.swift */,
				345AE9C81BC9CBC2006E3A38 /* StyleGuideProtocols.swift */,
				34DCC2701BCC9E8A0034A274 /* SGStyleGuide.swift */,
			);
			name = Assets;
			sourceTree = "<group>";
		};
/* End PBXGroup section */

/* Begin PBXNativeTarget section */
		34005EC91A4FACDA00BDFD0F /* CardGames */ = {
			isa = PBXNativeTarget;
			buildConfigurationList = 34005EE91A4FACDB00BDFD0F /* Build configuration list for PBXNativeTarget "CardGames" */;
			buildPhases = (
				34005EC61A4FACDA00BDFD0F /* Sources */,
				34005EC71A4FACDA00BDFD0F /* Frameworks */,
				34005EC81A4FACDA00BDFD0F /* Resources */,
			);
			buildRules = (
			);
			dependencies = (
			);
			name = CardGames;
			productName = CardGames;
			productReference = 34005ECA1A4FACDA00BDFD0F /* CardGames.app */;
			productType = "com.apple.product-type.application";
		};
		34005EDE1A4FACDB00BDFD0F /* CardGamesTests */ = {
			isa = PBXNativeTarget;
			buildConfigurationList = 34005EEC1A4FACDB00BDFD0F /* Build configuration list for PBXNativeTarget "CardGamesTests" */;
			buildPhases = (
				34005EDB1A4FACDB00BDFD0F /* Sources */,
				34005EDC1A4FACDB00BDFD0F /* Frameworks */,
				34005EDD1A4FACDB00BDFD0F /* Resources */,
			);
			buildRules = (
			);
			dependencies = (
				34005EE11A4FACDB00BDFD0F /* PBXTargetDependency */,
			);
			name = CardGamesTests;
			productName = CardGamesTests;
			productReference = 34005EDF1A4FACDB00BDFD0F /* CardGamesTests.xctest */;
			productType = "com.apple.product-type.bundle.unit-test";
		};
/* End PBXNativeTarget section */

/* Begin PBXProject section */
		34005EC21A4FACDA00BDFD0F /* Project object */ = {
			isa = PBXProject;
			attributes = {
				LastSwiftMigration = 0700;
				LastSwiftUpdateCheck = 0700;
				LastUpgradeCheck = 0700;
				ORGANIZATIONNAME = Kyrie;
				TargetAttributes = {
					34005EC91A4FACDA00BDFD0F = {
						CreatedOnToolsVersion = 6.1.1;
						DevelopmentTeam = 3RGETCSEF9;
					};
					34005EDE1A4FACDB00BDFD0F = {
						CreatedOnToolsVersion = 6.1.1;
						TestTargetID = 34005EC91A4FACDA00BDFD0F;
					};
				};
			};
			buildConfigurationList = 34005EC51A4FACDA00BDFD0F /* Build configuration list for PBXProject "CardGames" */;
			compatibilityVersion = "Xcode 3.2";
			developmentRegion = English;
			hasScannedForEncodings = 0;
			knownRegions = (
				en,
				Base,
			);
			mainGroup = 34005EC11A4FACDA00BDFD0F;
			productRefGroup = 34005ECB1A4FACDA00BDFD0F /* Products */;
			projectDirPath = "";
			projectRoot = "";
			targets = (
				34005EC91A4FACDA00BDFD0F /* CardGames */,
				34005EDE1A4FACDB00BDFD0F /* CardGamesTests */,
			);
		};
/* End PBXProject section */

/* Begin PBXResourcesBuildPhase section */
		34005EC81A4FACDA00BDFD0F /* Resources */ = {
			isa = PBXResourcesBuildPhase;
			buildActionMask = 2147483647;
			files = (
				34527F5A1A96FC7D0039C913 /* Images.xcassets in Resources */,
				34005ED51A4FACDB00BDFD0F /* Main.storyboard in Resources */,
				34005EDA1A4FACDB00BDFD0F /* LaunchScreen.xib in Resources */,
			);
			runOnlyForDeploymentPostprocessing = 0;
		};
		34005EDD1A4FACDB00BDFD0F /* Resources */ = {
			isa = PBXResourcesBuildPhase;
			buildActionMask = 2147483647;
			files = (
			);
			runOnlyForDeploymentPostprocessing = 0;
		};
/* End PBXResourcesBuildPhase section */

/* Begin PBXSourcesBuildPhase section */
		34005EC61A4FACDA00BDFD0F /* Sources */ = {
			isa = PBXSourcesBuildPhase;
			buildActionMask = 2147483647;
			files = (
				341723741AFBFAED002D8343 /* Squiggle.swift in Sources */,
				34005EF31A4FC8F500BDFD0F /* Deck.swift in Sources */,
				345A74D71B952715003C27AE /* HomeViewController.swift in Sources */,
				340E514F1BE32A940010FE2E /* InstructionsViewController.swift in Sources */,
				34DCC2711BCC9E8A0034A274 /* SGStyleGuide.swift in Sources */,
				34DCC26F1BCC9E270034A274 /* AppGlobals.swift in Sources */,
				34AF52DD1AE57C2600971176 /* Geometry.swift in Sources */,
				34BB7CCE1BC8D602000C8461 /* GameSettingsController.swift in Sources */,
				34BCFC3F1AC50DD8005A4840 /* SGStatusView.swift in Sources */,
				34D908351BCE174200ABDE7E /* PlayerSettingController.swift in Sources */,
				34005EF51A4FC91500BDFD0F /* Card.swift in Sources */,
				34DCC2731BCCB7B20034A274 /* Theme.swift in Sources */,
				34005ED01A4FACDA00BDFD0F /* AppDelegate.swift in Sources */,
				348FF6411AA1658B0041C5C6 /* SetGameDataSource.swift in Sources */,
				345695451A9FD7E10076FD39 /* Player.swift in Sources */,
				345695411A9FB4510076FD39 /* SetGameDelegate.swift in Sources */,
				345695431A9FBDC50076FD39 /* SetGame.swift in Sources */,
				3499DAFB1B9F930200AD3466 /* SGHeaderView.swift in Sources */,
				3471C0471BE411CF0002A6A3 /* SetExampleView.swift in Sources */,
				340720531BC4E47F00A2E466 /* SGCollectionViewLayout.swift in Sources */,
				34A9233E1AA19C15009D0134 /* SetCard.swift in Sources */,
				34CC1E561ABCC83D005B2CD1 /* SetCardView.swift in Sources */,
				348FF63F1AA1629C0041C5C6 /* SetGameController.swift in Sources */,
				341A2E431A8C92AE0091664E /* UIViewStyles.swift in Sources */,
				345AE9C91BC9CBC2006E3A38 /* StyleGuideProtocols.swift in Sources */,
				34EE0AA11BAFAD2D0002043D /* SGFooterView.swift in Sources */,
				3499D7F11BD4BFD5001AE54D /* ThemeTableDataSource.swift in Sources */,
				3498E71E1BC5BE6000842F5A /* ThemeSettingsController.swift in Sources */,
			);
			runOnlyForDeploymentPostprocessing = 0;
		};
		34005EDB1A4FACDB00BDFD0F /* Sources */ = {
			isa = PBXSourcesBuildPhase;
			buildActionMask = 2147483647;
			files = (
				34005EE61A4FACDB00BDFD0F /* CardGamesTests.swift in Sources */,
			);
			runOnlyForDeploymentPostprocessing = 0;
		};
/* End PBXSourcesBuildPhase section */

/* Begin PBXTargetDependency section */
		34005EE11A4FACDB00BDFD0F /* PBXTargetDependency */ = {
			isa = PBXTargetDependency;
			target = 34005EC91A4FACDA00BDFD0F /* CardGames */;
			targetProxy = 34005EE01A4FACDB00BDFD0F /* PBXContainerItemProxy */;
		};
/* End PBXTargetDependency section */

/* Begin PBXVariantGroup section */
		34005ED31A4FACDB00BDFD0F /* Main.storyboard */ = {
			isa = PBXVariantGroup;
			children = (
				34005ED41A4FACDB00BDFD0F /* Base */,
			);
			name = Main.storyboard;
			sourceTree = "<group>";
		};
		34005ED81A4FACDB00BDFD0F /* LaunchScreen.xib */ = {
			isa = PBXVariantGroup;
			children = (
				34005ED91A4FACDB00BDFD0F /* Base */,
			);
			name = LaunchScreen.xib;
			sourceTree = "<group>";
		};
/* End PBXVariantGroup section */

/* Begin XCBuildConfiguration section */
		34005EE71A4FACDB00BDFD0F /* Debug */ = {
			isa = XCBuildConfiguration;
			buildSettings = {
				ALWAYS_SEARCH_USER_PATHS = NO;
				CLANG_CXX_LANGUAGE_STANDARD = "gnu++0x";
				CLANG_CXX_LIBRARY = "libc++";
				CLANG_ENABLE_MODULES = YES;
				CLANG_ENABLE_OBJC_ARC = YES;
				CLANG_WARN_BOOL_CONVERSION = YES;
				CLANG_WARN_CONSTANT_CONVERSION = YES;
				CLANG_WARN_DIRECT_OBJC_ISA_USAGE = YES_ERROR;
				CLANG_WARN_EMPTY_BODY = YES;
				CLANG_WARN_ENUM_CONVERSION = YES;
				CLANG_WARN_INT_CONVERSION = YES;
				CLANG_WARN_OBJC_ROOT_CLASS = YES_ERROR;
				CLANG_WARN_UNREACHABLE_CODE = YES;
				CLANG_WARN__DUPLICATE_METHOD_MATCH = YES;
				"CODE_SIGN_IDENTITY[sdk=iphoneos*]" = "iPhone Developer";
				COPY_PHASE_STRIP = NO;
				ENABLE_STRICT_OBJC_MSGSEND = YES;
				ENABLE_TESTABILITY = YES;
				GCC_C_LANGUAGE_STANDARD = gnu99;
				GCC_DYNAMIC_NO_PIC = NO;
				GCC_OPTIMIZATION_LEVEL = 0;
				GCC_PREPROCESSOR_DEFINITIONS = (
					"DEBUG=1",
					"$(inherited)",
				);
				GCC_SYMBOLS_PRIVATE_EXTERN = NO;
				GCC_WARN_64_TO_32_BIT_CONVERSION = YES;
				GCC_WARN_ABOUT_RETURN_TYPE = YES_ERROR;
				GCC_WARN_UNDECLARED_SELECTOR = YES;
				GCC_WARN_UNINITIALIZED_AUTOS = YES_AGGRESSIVE;
				GCC_WARN_UNUSED_FUNCTION = YES;
				GCC_WARN_UNUSED_VARIABLE = YES;
				IPHONEOS_DEPLOYMENT_TARGET = 8.1;
				MTL_ENABLE_DEBUG_INFO = YES;
				ONLY_ACTIVE_ARCH = YES;
				SDKROOT = iphoneos;
				SWIFT_OPTIMIZATION_LEVEL = "-Onone";
				TARGETED_DEVICE_FAMILY = "1,2";
			};
			name = Debug;
		};
		34005EE81A4FACDB00BDFD0F /* Release */ = {
			isa = XCBuildConfiguration;
			buildSettings = {
				ALWAYS_SEARCH_USER_PATHS = NO;
				CLANG_CXX_LANGUAGE_STANDARD = "gnu++0x";
				CLANG_CXX_LIBRARY = "libc++";
				CLANG_ENABLE_MODULES = YES;
				CLANG_ENABLE_OBJC_ARC = YES;
				CLANG_WARN_BOOL_CONVERSION = YES;
				CLANG_WARN_CONSTANT_CONVERSION = YES;
				CLANG_WARN_DIRECT_OBJC_ISA_USAGE = YES_ERROR;
				CLANG_WARN_EMPTY_BODY = YES;
				CLANG_WARN_ENUM_CONVERSION = YES;
				CLANG_WARN_INT_CONVERSION = YES;
				CLANG_WARN_OBJC_ROOT_CLASS = YES_ERROR;
				CLANG_WARN_UNREACHABLE_CODE = YES;
				CLANG_WARN__DUPLICATE_METHOD_MATCH = YES;
				"CODE_SIGN_IDENTITY[sdk=iphoneos*]" = "iPhone Developer";
				COPY_PHASE_STRIP = YES;
				ENABLE_NS_ASSERTIONS = NO;
				ENABLE_STRICT_OBJC_MSGSEND = YES;
				GCC_C_LANGUAGE_STANDARD = gnu99;
				GCC_WARN_64_TO_32_BIT_CONVERSION = YES;
				GCC_WARN_ABOUT_RETURN_TYPE = YES_ERROR;
				GCC_WARN_UNDECLARED_SELECTOR = YES;
				GCC_WARN_UNINITIALIZED_AUTOS = YES_AGGRESSIVE;
				GCC_WARN_UNUSED_FUNCTION = YES;
				GCC_WARN_UNUSED_VARIABLE = YES;
				IPHONEOS_DEPLOYMENT_TARGET = 8.1;
				MTL_ENABLE_DEBUG_INFO = NO;
				SDKROOT = iphoneos;
				TARGETED_DEVICE_FAMILY = "1,2";
				VALIDATE_PRODUCT = YES;
			};
			name = Release;
		};
		34005EEA1A4FACDB00BDFD0F /* Debug */ = {
			isa = XCBuildConfiguration;
			buildSettings = {
				ASSETCATALOG_COMPILER_APPICON_NAME = AppIcon;
				CODE_SIGN_IDENTITY = "iPhone Developer";
				"CODE_SIGN_IDENTITY[sdk=iphoneos*]" = "iPhone Developer";
				INFOPLIST_FILE = CardGames/Info.plist;
				LD_RUNPATH_SEARCH_PATHS = "$(inherited) @executable_path/Frameworks";
				PRODUCT_BUNDLE_IDENTIFIER = "Kyrie.$(PRODUCT_NAME:rfc1034identifier)";
				PRODUCT_NAME = "$(TARGET_NAME)";
				PROVISIONING_PROFILE = "";
			};
			name = Debug;
		};
		34005EEB1A4FACDB00BDFD0F /* Release */ = {
			isa = XCBuildConfiguration;
			buildSettings = {
				ASSETCATALOG_COMPILER_APPICON_NAME = AppIcon;
				CODE_SIGN_IDENTITY = "iPhone Developer";
				"CODE_SIGN_IDENTITY[sdk=iphoneos*]" = "iPhone Developer";
				INFOPLIST_FILE = CardGames/Info.plist;
				LD_RUNPATH_SEARCH_PATHS = "$(inherited) @executable_path/Frameworks";
				PRODUCT_BUNDLE_IDENTIFIER = "Kyrie.$(PRODUCT_NAME:rfc1034identifier)";
				PRODUCT_NAME = "$(TARGET_NAME)";
				PROVISIONING_PROFILE = "";
			};
			name = Release;
		};
		34005EED1A4FACDB00BDFD0F /* Debug */ = {
			isa = XCBuildConfiguration;
			buildSettings = {
				BUNDLE_LOADER = "$(TEST_HOST)";
				FRAMEWORK_SEARCH_PATHS = (
					"$(SDKROOT)/Developer/Library/Frameworks",
					"$(inherited)",
				);
				GCC_PREPROCESSOR_DEFINITIONS = (
					"DEBUG=1",
					"$(inherited)",
				);
				INFOPLIST_FILE = CardGamesTests/Info.plist;
				LD_RUNPATH_SEARCH_PATHS = "$(inherited) @executable_path/Frameworks @loader_path/Frameworks";
				PRODUCT_BUNDLE_IDENTIFIER = "Kyrie.$(PRODUCT_NAME:rfc1034identifier)";
				PRODUCT_NAME = "$(TARGET_NAME)";
				TEST_HOST = "$(BUILT_PRODUCTS_DIR)/CardGames.app/CardGames";
			};
			name = Debug;
		};
		34005EEE1A4FACDB00BDFD0F /* Release */ = {
			isa = XCBuildConfiguration;
			buildSettings = {
				BUNDLE_LOADER = "$(TEST_HOST)";
				FRAMEWORK_SEARCH_PATHS = (
					"$(SDKROOT)/Developer/Library/Frameworks",
					"$(inherited)",
				);
				INFOPLIST_FILE = CardGamesTests/Info.plist;
				LD_RUNPATH_SEARCH_PATHS = "$(inherited) @executable_path/Frameworks @loader_path/Frameworks";
				PRODUCT_BUNDLE_IDENTIFIER = "Kyrie.$(PRODUCT_NAME:rfc1034identifier)";
				PRODUCT_NAME = "$(TARGET_NAME)";
				TEST_HOST = "$(BUILT_PRODUCTS_DIR)/CardGames.app/CardGames";
			};
			name = Release;
		};
/* End XCBuildConfiguration section */

/* Begin XCConfigurationList section */
		34005EC51A4FACDA00BDFD0F /* Build configuration list for PBXProject "CardGames" */ = {
			isa = XCConfigurationList;
			buildConfigurations = (
				34005EE71A4FACDB00BDFD0F /* Debug */,
				34005EE81A4FACDB00BDFD0F /* Release */,
			);
			defaultConfigurationIsVisible = 0;
			defaultConfigurationName = Release;
		};
		34005EE91A4FACDB00BDFD0F /* Build configuration list for PBXNativeTarget "CardGames" */ = {
			isa = XCConfigurationList;
			buildConfigurations = (
				34005EEA1A4FACDB00BDFD0F /* Debug */,
				34005EEB1A4FACDB00BDFD0F /* Release */,
			);
			defaultConfigurationIsVisible = 0;
			defaultConfigurationName = Release;
		};
		34005EEC1A4FACDB00BDFD0F /* Build configuration list for PBXNativeTarget "CardGamesTests" */ = {
			isa = XCConfigurationList;
			buildConfigurations = (
				34005EED1A4FACDB00BDFD0F /* Debug */,
				34005EEE1A4FACDB00BDFD0F /* Release */,
			);
			defaultConfigurationIsVisible = 0;
			defaultConfigurationName = Release;
		};
/* End XCConfigurationList section */
	};
	rootObject = 34005EC21A4FACDA00BDFD0F /* Project object */;
}
